{
  "name": "@hexlet/code",
  "version": "1.0.0",
  "lockfileVersion": 2,
  "requires": true,
  "packages": {
    "": {
      "name": "@hexlet/code",
      "version": "1.0.0",
      "license": "ISC",
      "dependencies": {
        "brain-games.js": "^0.0.1",
        "readline-sync": "^1.4.10"
      },
      "bin": {
        "brain-games": "bin/brain-games.js"
      }
    },
    "node_modules/brain-games.js": {
      "version": "0.0.1",
      "resolved": "https://registry.npmjs.org/brain-games.js/-/brain-games.js-0.0.1.tgz",
      "integrity": "sha512-JjbxMFOOrb6Q5XZGdYyMmKMRXbWXd+cA+dWMojnE7LtYdmJLTGro0c58r6vvd+pfT8fMnKmzN3qd+ocV6Ly72w==",
      "bin": {
        "brain-games": "dist/bin/brain-games.js"
      }
    },
    "node_modules/readline-sync": {
      "version": "1.4.10",
      "resolved": "https://registry.npmjs.org/readline-sync/-/readline-sync-1.4.10.tgz",
      "integrity": "sha512-gNva8/6UAe8QYepIQH/jQ2qn91Qj0B9sYjMBBs3QOB8F2CXcKgLxQaJRP76sWVRQt+QU+8fAkCbCvjjMFu7Ycw==",
      "engines": {
        "node": ">= 0.8.0"
      }
    }
  },
  "dependencies": {
    "brain-games.js": {
      "version": "0.0.1",
      "resolved": "https://registry.npmjs.org/brain-games.js/-/brain-games.js-0.0.1.tgz",
      "integrity": "sha512-JjbxMFOOrb6Q5XZGdYyMmKMRXbWXd+cA+dWMojnE7LtYdmJLTGro0c58r6vvd+pfT8fMnKmzN3qd+ocV6Ly72w=="
    },
    "readline-sync": {
      "version": "1.4.10",
      "resolved": "https://registry.npmjs.org/readline-sync/-/readline-sync-1.4.10.tgz",
      "integrity": "sha512-gNva8/6UAe8QYepIQH/jQ2qn91Qj0B9sYjMBBs3QOB8F2CXcKgLxQaJRP76sWVRQt+QU+8fAkCbCvjjMFu7Ycw=="
    }
  }
}
